# This file is autogenerated, do not edit; changes may be undone by the next 'dep ensure'.


[[projects]]
  name = "github.com/jawher/mow.cli"
  packages = ["."]
  revision = "0e80ee9f63156ea1954dc2375c33a1c7e752c25c"
  version = "v1.0.3"

[[projects]]
  name = "github.com/sirupsen/logrus"
  packages = ["."]
  revision = "d682213848ed68c0a260ca37d6dd5ace8423f5ba"
  version = "v1.0.4"

[[projects]]
  branch = "master"
  name = "golang.org/x/crypto"
  packages = ["ssh/terminal"]
  revision = "39efaea5da11abd5e2b90a435b1f338cdb94619c"

[[projects]]
  branch = "master"
  name = "golang.org/x/sys"
  packages = ["unix","windows"]
  revision = "af50095a40f9041b3b38960738837185c26e9419"

[[projects]]
  branch = "v2"
  name = "gopkg.in/yaml.v2"
  packages = ["."]
  revision = "d670f9405373e636a5a2765eea47fac0c9bc91a4"

[solve-meta]
  analyzer-name = "dep"
  analyzer-version = 1
  inputs-digest = "41bc2ef7a0866b38cc3bbb955805d5a87c446bf36f71fb579d5468b7e14132b4"
  solver-name = "gps-cdcl"
  solver-version = 1
